// !$*UTF8*$!
{
	archiveVersion = 1;
	classes = {
	};
	objectVersion = 56;
	objects = {

/* Begin PBXBuildFile section */
		C32AFE042AB7F74300C753D9 /* ProfileView.swift in Sources */ = {isa = PBXBuildFile; fileRef = C32AFE032AB7F74300C753D9 /* ProfileView.swift */; };
		C32AFE092AB8312500C753D9 /* Menu.png in Resources */ = {isa = PBXBuildFile; fileRef = C32AFE082AB8312500C753D9 /* Menu.png */; };
		C32AFE0B2AB84EF300C753D9 /* Ellipse 1.png in Resources */ = {isa = PBXBuildFile; fileRef = C32AFE0A2AB84EF300C753D9 /* Ellipse 1.png */; };
		C3411AC92AB9CA6800650F9E /* ProfileHeaderView.swift in Sources */ = {isa = PBXBuildFile; fileRef = C3411AC82AB9CA6800650F9E /* ProfileHeaderView.swift */; };
		C3ABF3AB2AB7CB14000D6B9C /* AppDelegate.swift in Sources */ = {isa = PBXBuildFile; fileRef = C3ABF3AA2AB7CB14000D6B9C /* AppDelegate.swift */; };
		C3ABF3AD2AB7CB14000D6B9C /* SceneDelegate.swift in Sources */ = {isa = PBXBuildFile; fileRef = C3ABF3AC2AB7CB14000D6B9C /* SceneDelegate.swift */; };
		C3ABF3AF2AB7CB14000D6B9C /* ProfileViewController.swift in Sources */ = {isa = PBXBuildFile; fileRef = C3ABF3AE2AB7CB14000D6B9C /* ProfileViewController.swift */; };
		C3ABF3B52AB7CB14000D6B9C /* sns_app.xcdatamodeld in Sources */ = {isa = PBXBuildFile; fileRef = C3ABF3B32AB7CB14000D6B9C /* sns_app.xcdatamodeld */; };
		C3ABF3B72AB7CB15000D6B9C /* Assets.xcassets in Resources */ = {isa = PBXBuildFile; fileRef = C3ABF3B62AB7CB15000D6B9C /* Assets.xcassets */; };
		C3ABF3BA2AB7CB15000D6B9C /* LaunchScreen.storyboard in Resources */ = {isa = PBXBuildFile; fileRef = C3ABF3B82AB7CB15000D6B9C /* LaunchScreen.storyboard */; };
		C3ABF3C32AB7EC27000D6B9C /* SnapKit in Frameworks */ = {isa = PBXBuildFile; productRef = C3ABF3C22AB7EC27000D6B9C /* SnapKit */; };
		C3EC53282ABD21C2009EE2D5 /* TabBarController.swift in Sources */ = {isa = PBXBuildFile; fileRef = C3EC53272ABD21C2009EE2D5 /* TabBarController.swift */; };
		C3EC532A2ABD28B4009EE2D5 /* ToDoListViewController.swift in Sources */ = {isa = PBXBuildFile; fileRef = C3EC53292ABD28B4009EE2D5 /* ToDoListViewController.swift */; };
		C3EC532C2ABD2936009EE2D5 /* ToDoListView.swift in Sources */ = {isa = PBXBuildFile; fileRef = C3EC532B2ABD2936009EE2D5 /* ToDoListView.swift */; };
		C3EC532E2ABD6FB5009EE2D5 /* ToDo.swift in Sources */ = {isa = PBXBuildFile; fileRef = C3EC532D2ABD6FB5009EE2D5 /* ToDo.swift */; };
		C3EC53362ABD7F8F009EE2D5 /* ToDoList+CoreDataClass.swift in Sources */ = {isa = PBXBuildFile; fileRef = C3EC53342ABD7F8F009EE2D5 /* ToDoList+CoreDataClass.swift */; };
		C3EC53372ABD7F8F009EE2D5 /* ToDoList+CoreDataProperties.swift in Sources */ = {isa = PBXBuildFile; fileRef = C3EC53352ABD7F8F009EE2D5 /* ToDoList+CoreDataProperties.swift */; };
		C3EC533A2ABD8805009EE2D5 /* ToDoDataManager.swift in Sources */ = {isa = PBXBuildFile; fileRef = C3EC53392ABD8805009EE2D5 /* ToDoDataManager.swift */; };
		C3F09C5E2ABA8ACB00C3FB80 /* Storyboard.storyboard in Resources */ = {isa = PBXBuildFile; fileRef = C3F09C5D2ABA8ACB00C3FB80 /* Storyboard.storyboard */; };
		C3F09C662ABACC4700C3FB80 /* picture5.png in Resources */ = {isa = PBXBuildFile; fileRef = C3F09C5F2ABACC4700C3FB80 /* picture5.png */; };
		C3F09C672ABACC4700C3FB80 /* picture6.png in Resources */ = {isa = PBXBuildFile; fileRef = C3F09C602ABACC4700C3FB80 /* picture6.png */; };
		C3F09C682ABACC4700C3FB80 /* picture2.png in Resources */ = {isa = PBXBuildFile; fileRef = C3F09C612ABACC4700C3FB80 /* picture2.png */; };
		C3F09C692ABACC4700C3FB80 /* picture1.png in Resources */ = {isa = PBXBuildFile; fileRef = C3F09C622ABACC4700C3FB80 /* picture1.png */; };
		C3F09C6A2ABACC4700C3FB80 /* picture3.png in Resources */ = {isa = PBXBuildFile; fileRef = C3F09C632ABACC4700C3FB80 /* picture3.png */; };
		C3F09C6B2ABACC4700C3FB80 /* picture4.png in Resources */ = {isa = PBXBuildFile; fileRef = C3F09C642ABACC4700C3FB80 /* picture4.png */; };
		C3F09C6C2ABACC4700C3FB80 /* picture7.png in Resources */ = {isa = PBXBuildFile; fileRef = C3F09C652ABACC4700C3FB80 /* picture7.png */; };
/* End PBXBuildFile section */

/* Begin PBXFileReference section */
		C32AFE032AB7F74300C753D9 /* ProfileView.swift */ = {isa = PBXFileReference; lastKnownFileType = sourcecode.swift; path = ProfileView.swift; sourceTree = "<group>"; };
		C32AFE082AB8312500C753D9 /* Menu.png */ = {isa = PBXFileReference; lastKnownFileType = image.png; path = Menu.png; sourceTree = "<group>"; };
		C32AFE0A2AB84EF300C753D9 /* Ellipse 1.png */ = {isa = PBXFileReference; lastKnownFileType = image.png; path = "Ellipse 1.png"; sourceTree = "<group>"; };
		C3411AC82AB9CA6800650F9E /* ProfileHeaderView.swift */ = {isa = PBXFileReference; lastKnownFileType = sourcecode.swift; path = ProfileHeaderView.swift; sourceTree = "<group>"; };
		C3ABF3A72AB7CB14000D6B9C /* sns_app.app */ = {isa = PBXFileReference; explicitFileType = wrapper.application; includeInIndex = 0; path = sns_app.app; sourceTree = BUILT_PRODUCTS_DIR; };
		C3ABF3AA2AB7CB14000D6B9C /* AppDelegate.swift */ = {isa = PBXFileReference; lastKnownFileType = sourcecode.swift; path = AppDelegate.swift; sourceTree = "<group>"; };
		C3ABF3AC2AB7CB14000D6B9C /* SceneDelegate.swift */ = {isa = PBXFileReference; lastKnownFileType = sourcecode.swift; path = SceneDelegate.swift; sourceTree = "<group>"; };
		C3ABF3AE2AB7CB14000D6B9C /* ProfileViewController.swift */ = {isa = PBXFileReference; lastKnownFileType = sourcecode.swift; path = ProfileViewController.swift; sourceTree = "<group>"; };
		C3ABF3B42AB7CB14000D6B9C /* sns_app.xcdatamodel */ = {isa = PBXFileReference; lastKnownFileType = wrapper.xcdatamodel; path = sns_app.xcdatamodel; sourceTree = "<group>"; };
		C3ABF3B62AB7CB15000D6B9C /* Assets.xcassets */ = {isa = PBXFileReference; lastKnownFileType = folder.assetcatalog; path = Assets.xcassets; sourceTree = "<group>"; };
		C3ABF3B92AB7CB15000D6B9C /* Base */ = {isa = PBXFileReference; lastKnownFileType = file.storyboard; name = Base; path = Base.lproj/LaunchScreen.storyboard; sourceTree = "<group>"; };
		C3ABF3BB2AB7CB15000D6B9C /* Info.plist */ = {isa = PBXFileReference; lastKnownFileType = text.plist.xml; path = Info.plist; sourceTree = "<group>"; };
		C3EC53272ABD21C2009EE2D5 /* TabBarController.swift */ = {isa = PBXFileReference; lastKnownFileType = sourcecode.swift; path = TabBarController.swift; sourceTree = "<group>"; };
		C3EC53292ABD28B4009EE2D5 /* ToDoListViewController.swift */ = {isa = PBXFileReference; lastKnownFileType = sourcecode.swift; path = ToDoListViewController.swift; sourceTree = "<group>"; };
		C3EC532B2ABD2936009EE2D5 /* ToDoListView.swift */ = {isa = PBXFileReference; lastKnownFileType = sourcecode.swift; path = ToDoListView.swift; sourceTree = "<group>"; };
		C3EC532D2ABD6FB5009EE2D5 /* ToDo.swift */ = {isa = PBXFileReference; lastKnownFileType = sourcecode.swift; path = ToDo.swift; sourceTree = "<group>"; };
		C3EC53342ABD7F8F009EE2D5 /* ToDoList+CoreDataClass.swift */ = {isa = PBXFileReference; lastKnownFileType = sourcecode.swift; path = "ToDoList+CoreDataClass.swift"; sourceTree = "<group>"; };
		C3EC53352ABD7F8F009EE2D5 /* ToDoList+CoreDataProperties.swift */ = {isa = PBXFileReference; lastKnownFileType = sourcecode.swift; path = "ToDoList+CoreDataProperties.swift"; sourceTree = "<group>"; };
		C3EC53392ABD8805009EE2D5 /* ToDoDataManager.swift */ = {isa = PBXFileReference; lastKnownFileType = sourcecode.swift; path = ToDoDataManager.swift; sourceTree = "<group>"; };
		C3F09C5D2ABA8ACB00C3FB80 /* Storyboard.storyboard */ = {isa = PBXFileReference; lastKnownFileType = file.storyboard; path = Storyboard.storyboard; sourceTree = "<group>"; };
		C3F09C5F2ABACC4700C3FB80 /* picture5.png */ = {isa = PBXFileReference; lastKnownFileType = image.png; path = picture5.png; sourceTree = "<group>"; };
		C3F09C602ABACC4700C3FB80 /* picture6.png */ = {isa = PBXFileReference; lastKnownFileType = image.png; path = picture6.png; sourceTree = "<group>"; };
		C3F09C612ABACC4700C3FB80 /* picture2.png */ = {isa = PBXFileReference; lastKnownFileType = image.png; path = picture2.png; sourceTree = "<group>"; };
		C3F09C622ABACC4700C3FB80 /* picture1.png */ = {isa = PBXFileReference; lastKnownFileType = image.png; path = picture1.png; sourceTree = "<group>"; };
		C3F09C632ABACC4700C3FB80 /* picture3.png */ = {isa = PBXFileReference; lastKnownFileType = image.png; path = picture3.png; sourceTree = "<group>"; };
		C3F09C642ABACC4700C3FB80 /* picture4.png */ = {isa = PBXFileReference; lastKnownFileType = image.png; path = picture4.png; sourceTree = "<group>"; };
		C3F09C652ABACC4700C3FB80 /* picture7.png */ = {isa = PBXFileReference; lastKnownFileType = image.png; path = picture7.png; sourceTree = "<group>"; };
/* End PBXFileReference section */

/* Begin PBXFrameworksBuildPhase section */
		C3ABF3A42AB7CB14000D6B9C /* Frameworks */ = {
			isa = PBXFrameworksBuildPhase;
			buildActionMask = 2147483647;
			files = (
				C3ABF3C32AB7EC27000D6B9C /* SnapKit in Frameworks */,
			);
			runOnlyForDeploymentPostprocessing = 0;
		};
/* End PBXFrameworksBuildPhase section */

/* Begin PBXGroup section */
		C32AFE002AB7F6E600C753D9 /* Model */ = {
			isa = PBXGroup;
			children = (
				C3EC532D2ABD6FB5009EE2D5 /* ToDo.swift */,
			);
			path = Model;
			sourceTree = "<group>";
		};
		C32AFE012AB7F6F600C753D9 /* View */ = {
			isa = PBXGroup;
			children = (
				C32AFE032AB7F74300C753D9 /* ProfileView.swift */,
				C3411AC82AB9CA6800650F9E /* ProfileHeaderView.swift */,
				C3EC532B2ABD2936009EE2D5 /* ToDoListView.swift */,
			);
			path = View;
			sourceTree = "<group>";
		};
		C32AFE022AB7F6FE00C753D9 /* Controller */ = {
			isa = PBXGroup;
			children = (
				C3ABF3AE2AB7CB14000D6B9C /* ProfileViewController.swift */,
				C3EC53292ABD28B4009EE2D5 /* ToDoListViewController.swift */,
				C3EC53272ABD21C2009EE2D5 /* TabBarController.swift */,
			);
			path = Controller;
			sourceTree = "<group>";
		};
		C32AFE052AB8309F00C753D9 /* image */ = {
			isa = PBXGroup;
			children = (
				C32AFE082AB8312500C753D9 /* Menu.png */,
				C32AFE0A2AB84EF300C753D9 /* Ellipse 1.png */,
				C3F09C622ABACC4700C3FB80 /* picture1.png */,
				C3F09C612ABACC4700C3FB80 /* picture2.png */,
				C3F09C632ABACC4700C3FB80 /* picture3.png */,
				C3F09C642ABACC4700C3FB80 /* picture4.png */,
				C3F09C5F2ABACC4700C3FB80 /* picture5.png */,
				C3F09C602ABACC4700C3FB80 /* picture6.png */,
				C3F09C652ABACC4700C3FB80 /* picture7.png */,
			);
			path = image;
			sourceTree = "<group>";
		};
		C3ABF39E2AB7CB14000D6B9C = {
			isa = PBXGroup;
			children = (
				C3EC53342ABD7F8F009EE2D5 /* ToDoList+CoreDataClass.swift */,
				C3EC53352ABD7F8F009EE2D5 /* ToDoList+CoreDataProperties.swift */,
				C3ABF3A92AB7CB14000D6B9C /* sns_app */,
				C3ABF3A82AB7CB14000D6B9C /* Products */,
			);
			sourceTree = "<group>";
		};
		C3ABF3A82AB7CB14000D6B9C /* Products */ = {
			isa = PBXGroup;
			children = (
				C3ABF3A72AB7CB14000D6B9C /* sns_app.app */,
			);
			name = Products;
			sourceTree = "<group>";
		};
		C3ABF3A92AB7CB14000D6B9C /* sns_app */ = {
			isa = PBXGroup;
			children = (
				C32AFE052AB8309F00C753D9 /* image */,
				C32AFE002AB7F6E600C753D9 /* Model */,
				C3EC53382ABD87CF009EE2D5 /* Manager */,
				C32AFE012AB7F6F600C753D9 /* View */,
				C32AFE022AB7F6FE00C753D9 /* Controller */,
				C3ABF3AA2AB7CB14000D6B9C /* AppDelegate.swift */,
				C3ABF3AC2AB7CB14000D6B9C /* SceneDelegate.swift */,
				C3ABF3B62AB7CB15000D6B9C /* Assets.xcassets */,
				C3ABF3B82AB7CB15000D6B9C /* LaunchScreen.storyboard */,
				C3ABF3BB2AB7CB15000D6B9C /* Info.plist */,
				C3ABF3B32AB7CB14000D6B9C /* sns_app.xcdatamodeld */,
				C3F09C5D2ABA8ACB00C3FB80 /* Storyboard.storyboard */,
			);
			path = sns_app;
			sourceTree = "<group>";
		};
		C3EC53382ABD87CF009EE2D5 /* Manager */ = {
			isa = PBXGroup;
			children = (
				C3EC53392ABD8805009EE2D5 /* ToDoDataManager.swift */,
			);
			path = Manager;
			sourceTree = "<group>";
		};
/* End PBXGroup section */

/* Begin PBXNativeTarget section */
		C3ABF3A62AB7CB14000D6B9C /* sns_app */ = {
			isa = PBXNativeTarget;
			buildConfigurationList = C3ABF3BE2AB7CB15000D6B9C /* Build configuration list for PBXNativeTarget "sns_app" */;
			buildPhases = (
				C3ABF3A32AB7CB14000D6B9C /* Sources */,
				C3ABF3A42AB7CB14000D6B9C /* Frameworks */,
				C3ABF3A52AB7CB14000D6B9C /* Resources */,
			);
			buildRules = (
			);
			dependencies = (
			);
			name = sns_app;
			packageProductDependencies = (
				C3ABF3C22AB7EC27000D6B9C /* SnapKit */,
			);
			productName = sns_app;
			productReference = C3ABF3A72AB7CB14000D6B9C /* sns_app.app */;
			productType = "com.apple.product-type.application";
		};
/* End PBXNativeTarget section */

/* Begin PBXProject section */
		C3ABF39F2AB7CB14000D6B9C /* Project object */ = {
			isa = PBXProject;
			attributes = {
				BuildIndependentTargetsInParallel = 1;
				LastSwiftUpdateCheck = 1430;
				LastUpgradeCheck = 1430;
				TargetAttributes = {
					C3ABF3A62AB7CB14000D6B9C = {
						CreatedOnToolsVersion = 14.3.1;
					};
				};
			};
			buildConfigurationList = C3ABF3A22AB7CB14000D6B9C /* Build configuration list for PBXProject "sns_app" */;
			compatibilityVersion = "Xcode 14.0";
			developmentRegion = en;
			hasScannedForEncodings = 0;
			knownRegions = (
				en,
				Base,
			);
			mainGroup = C3ABF39E2AB7CB14000D6B9C;
			packageReferences = (
				C3ABF3C12AB7EC27000D6B9C /* XCRemoteSwiftPackageReference "SnapKit" */,
			);
			productRefGroup = C3ABF3A82AB7CB14000D6B9C /* Products */;
			projectDirPath = "";
			projectRoot = "";
			targets = (
				C3ABF3A62AB7CB14000D6B9C /* sns_app */,
			);
		};
/* End PBXProject section */

/* Begin PBXResourcesBuildPhase section */
		C3ABF3A52AB7CB14000D6B9C /* Resources */ = {
			isa = PBXResourcesBuildPhase;
			buildActionMask = 2147483647;
			files = (
				C32AFE092AB8312500C753D9 /* Menu.png in Resources */,
				C3F09C672ABACC4700C3FB80 /* picture6.png in Resources */,
				C3ABF3BA2AB7CB15000D6B9C /* LaunchScreen.storyboard in Resources */,
				C3ABF3B72AB7CB15000D6B9C /* Assets.xcassets in Resources */,
				C3F09C6A2ABACC4700C3FB80 /* picture3.png in Resources */,
				C3F09C692ABACC4700C3FB80 /* picture1.png in Resources */,
				C32AFE0B2AB84EF300C753D9 /* Ellipse 1.png in Resources */,
				C3F09C6B2ABACC4700C3FB80 /* picture4.png in Resources */,
				C3F09C682ABACC4700C3FB80 /* picture2.png in Resources */,
				C3F09C662ABACC4700C3FB80 /* picture5.png in Resources */,
				C3F09C6C2ABACC4700C3FB80 /* picture7.png in Resources */,
				C3F09C5E2ABA8ACB00C3FB80 /* Storyboard.storyboard in Resources */,
			);
			runOnlyForDeploymentPostprocessing = 0;
		};
/* End PBXResourcesBuildPhase section */

/* Begin PBXSourcesBuildPhase section */
		C3ABF3A32AB7CB14000D6B9C /* Sources */ = {
			isa = PBXSourcesBuildPhase;
			buildActionMask = 2147483647;
			files = (
				C3EC532A2ABD28B4009EE2D5 /* ToDoListViewController.swift in Sources */,
				C3EC53282ABD21C2009EE2D5 /* TabBarController.swift in Sources */,
				C3EC532E2ABD6FB5009EE2D5 /* ToDo.swift in Sources */,
				C3ABF3B52AB7CB14000D6B9C /* sns_app.xcdatamodeld in Sources */,
				C3411AC92AB9CA6800650F9E /* ProfileHeaderView.swift in Sources */,
				C3ABF3AF2AB7CB14000D6B9C /* ProfileViewController.swift in Sources */,
				C32AFE042AB7F74300C753D9 /* ProfileView.swift in Sources */,
				C3EC532C2ABD2936009EE2D5 /* ToDoListView.swift in Sources */,
				C3EC533A2ABD8805009EE2D5 /* ToDoDataManager.swift in Sources */,
				C3EC53362ABD7F8F009EE2D5 /* ToDoList+CoreDataClass.swift in Sources */,
				C3ABF3AB2AB7CB14000D6B9C /* AppDelegate.swift in Sources */,
				C3ABF3AD2AB7CB14000D6B9C /* SceneDelegate.swift in Sources */,
				C3EC53372ABD7F8F009EE2D5 /* ToDoList+CoreDataProperties.swift in Sources */,
			);
			runOnlyForDeploymentPostprocessing = 0;
		};
/* End PBXSourcesBuildPhase section */

/* Begin PBXVariantGroup section */
		C3ABF3B82AB7CB15000D6B9C /* LaunchScreen.storyboard */ = {
			isa = PBXVariantGroup;
			children = (
				C3ABF3B92AB7CB15000D6B9C /* Base */,
			);
			name = LaunchScreen.storyboard;
			sourceTree = "<group>";
		};
/* End PBXVariantGroup section */

/* Begin XCBuildConfiguration section */
		C3ABF3BC2AB7CB15000D6B9C /* Debug */ = {
			isa = XCBuildConfiguration;
			buildSettings = {
				ALWAYS_SEARCH_USER_PATHS = NO;
				CLANG_ANALYZER_NONNULL = YES;
				CLANG_ANALYZER_NUMBER_OBJECT_CONVERSION = YES_AGGRESSIVE;
				CLANG_CXX_LANGUAGE_STANDARD = "gnu++20";
				CLANG_ENABLE_MODULES = YES;
				CLANG_ENABLE_OBJC_ARC = YES;
				CLANG_ENABLE_OBJC_WEAK = YES;
				CLANG_WARN_BLOCK_CAPTURE_AUTORELEASING = YES;
				CLANG_WARN_BOOL_CONVERSION = YES;
				CLANG_WARN_COMMA = YES;
				CLANG_WARN_CONSTANT_CONVERSION = YES;
				CLANG_WARN_DEPRECATED_OBJC_IMPLEMENTATIONS = YES;
				CLANG_WARN_DIRECT_OBJC_ISA_USAGE = YES_ERROR;
				CLANG_WARN_DOCUMENTATION_COMMENTS = YES;
				CLANG_WARN_EMPTY_BODY = YES;
				CLANG_WARN_ENUM_CONVERSION = YES;
				CLANG_WARN_INFINITE_RECURSION = YES;
				CLANG_WARN_INT_CONVERSION = YES;
				CLANG_WARN_NON_LITERAL_NULL_CONVERSION = YES;
				CLANG_WARN_OBJC_IMPLICIT_RETAIN_SELF = YES;
				CLANG_WARN_OBJC_LITERAL_CONVERSION = YES;
				CLANG_WARN_OBJC_ROOT_CLASS = YES_ERROR;
				CLANG_WARN_QUOTED_INCLUDE_IN_FRAMEWORK_HEADER = YES;
				CLANG_WARN_RANGE_LOOP_ANALYSIS = YES;
				CLANG_WARN_STRICT_PROTOTYPES = YES;
				CLANG_WARN_SUSPICIOUS_MOVE = YES;
				CLANG_WARN_UNGUARDED_AVAILABILITY = YES_AGGRESSIVE;
				CLANG_WARN_UNREACHABLE_CODE = YES;
				CLANG_WARN__DUPLICATE_METHOD_MATCH = YES;
				COPY_PHASE_STRIP = NO;
				DEBUG_INFORMATION_FORMAT = dwarf;
				ENABLE_STRICT_OBJC_MSGSEND = YES;
				ENABLE_TESTABILITY = YES;
				GCC_C_LANGUAGE_STANDARD = gnu11;
				GCC_DYNAMIC_NO_PIC = NO;
				GCC_NO_COMMON_BLOCKS = YES;
				GCC_OPTIMIZATION_LEVEL = 0;
				GCC_PREPROCESSOR_DEFINITIONS = (
					"DEBUG=1",
					"$(inherited)",
				);
				GCC_WARN_64_TO_32_BIT_CONVERSION = YES;
				GCC_WARN_ABOUT_RETURN_TYPE = YES_ERROR;
				GCC_WARN_UNDECLARED_SELECTOR = YES;
				GCC_WARN_UNINITIALIZED_AUTOS = YES_AGGRESSIVE;
				GCC_WARN_UNUSED_FUNCTION = YES;
				GCC_WARN_UNUSED_VARIABLE = YES;
				IPHONEOS_DEPLOYMENT_TARGET = 16.4;
				MTL_ENABLE_DEBUG_INFO = INCLUDE_SOURCE;
				MTL_FAST_MATH = YES;
				ONLY_ACTIVE_ARCH = YES;
				SDKROOT = iphoneos;
				SWIFT_ACTIVE_COMPILATION_CONDITIONS = DEBUG;
				SWIFT_OPTIMIZATION_LEVEL = "-Onone";
			};
			name = Debug;
		};
		C3ABF3BD2AB7CB15000D6B9C /* Release */ = {
			isa = XCBuildConfiguration;
			buildSettings = {
				ALWAYS_SEARCH_USER_PATHS = NO;
				CLANG_ANALYZER_NONNULL = YES;
				CLANG_ANALYZER_NUMBER_OBJECT_CONVERSION = YES_AGGRESSIVE;
				CLANG_CXX_LANGUAGE_STANDARD = "gnu++20";
				CLANG_ENABLE_MODULES = YES;
				CLANG_ENABLE_OBJC_ARC = YES;
				CLANG_ENABLE_OBJC_WEAK = YES;
				CLANG_WARN_BLOCK_CAPTURE_AUTORELEASING = YES;
				CLANG_WARN_BOOL_CONVERSION = YES;
				CLANG_WARN_COMMA = YES;
				CLANG_WARN_CONSTANT_CONVERSION = YES;
				CLANG_WARN_DEPRECATED_OBJC_IMPLEMENTATIONS = YES;
				CLANG_WARN_DIRECT_OBJC_ISA_USAGE = YES_ERROR;
				CLANG_WARN_DOCUMENTATION_COMMENTS = YES;
				CLANG_WARN_EMPTY_BODY = YES;
				CLANG_WARN_ENUM_CONVERSION = YES;
				CLANG_WARN_INFINITE_RECURSION = YES;
				CLANG_WARN_INT_CONVERSION = YES;
				CLANG_WARN_NON_LITERAL_NULL_CONVERSION = YES;
				CLANG_WARN_OBJC_IMPLICIT_RETAIN_SELF = YES;
				CLANG_WARN_OBJC_LITERAL_CONVERSION = YES;
				CLANG_WARN_OBJC_ROOT_CLASS = YES_ERROR;
				CLANG_WARN_QUOTED_INCLUDE_IN_FRAMEWORK_HEADER = YES;
				CLANG_WARN_RANGE_LOOP_ANALYSIS = YES;
				CLANG_WARN_STRICT_PROTOTYPES = YES;
				CLANG_WARN_SUSPICIOUS_MOVE = YES;
				CLANG_WARN_UNGUARDED_AVAILABILITY = YES_AGGRESSIVE;
				CLANG_WARN_UNREACHABLE_CODE = YES;
				CLANG_WARN__DUPLICATE_METHOD_MATCH = YES;
				COPY_PHASE_STRIP = NO;
				DEBUG_INFORMATION_FORMAT = "dwarf-with-dsym";
				ENABLE_NS_ASSERTIONS = NO;
				ENABLE_STRICT_OBJC_MSGSEND = YES;
				GCC_C_LANGUAGE_STANDARD = gnu11;
				GCC_NO_COMMON_BLOCKS = YES;
				GCC_WARN_64_TO_32_BIT_CONVERSION = YES;
				GCC_WARN_ABOUT_RETURN_TYPE = YES_ERROR;
				GCC_WARN_UNDECLARED_SELECTOR = YES;
				GCC_WARN_UNINITIALIZED_AUTOS = YES_AGGRESSIVE;
				GCC_WARN_UNUSED_FUNCTION = YES;
				GCC_WARN_UNUSED_VARIABLE = YES;
				IPHONEOS_DEPLOYMENT_TARGET = 16.4;
				MTL_ENABLE_DEBUG_INFO = NO;
				MTL_FAST_MATH = YES;
				SDKROOT = iphoneos;
				SWIFT_COMPILATION_MODE = wholemodule;
				SWIFT_OPTIMIZATION_LEVEL = "-O";
				VALIDATE_PRODUCT = YES;
			};
			name = Release;
		};
		C3ABF3BF2AB7CB15000D6B9C /* Debug */ = {
			isa = XCBuildConfiguration;
			buildSettings = {
				ASSETCATALOG_COMPILER_APPICON_NAME = AppIcon;
				ASSETCATALOG_COMPILER_GLOBAL_ACCENT_COLOR_NAME = AccentColor;
				CODE_SIGN_STYLE = Automatic;
				CURRENT_PROJECT_VERSION = 1;
				DEVELOPMENT_TEAM = N2CXDX36WH;
				GENERATE_INFOPLIST_FILE = YES;
				INFOPLIST_FILE = sns_app/Info.plist;
				INFOPLIST_KEY_UIApplicationSupportsIndirectInputEvents = YES;
				INFOPLIST_KEY_UILaunchStoryboardName = LaunchScreen;
				INFOPLIST_KEY_UISupportedInterfaceOrientations_iPad = "UIInterfaceOrientationPortrait UIInterfaceOrientationPortraitUpsideDown UIInterfaceOrientationLandscapeLeft UIInterfaceOrientationLandscapeRight";
				INFOPLIST_KEY_UISupportedInterfaceOrientations_iPhone = "UIInterfaceOrientationPortrait UIInterfaceOrientationLandscapeLeft UIInterfaceOrientationLandscapeRight";
				LD_RUNPATH_SEARCH_PATHS = (
					"$(inherited)",
					"@executable_path/Frameworks",
				);
				MARKETING_VERSION = 1.0;
				PRODUCT_BUNDLE_IDENTIFIER = "com.ios.kimhr.sns-app";
				PRODUCT_NAME = "$(TARGET_NAME)";
				SWIFT_EMIT_LOC_STRINGS = YES;
				SWIFT_VERSION = 5.0;
				TARGETED_DEVICE_FAMILY = "1,2";
			};
			name = Debug;
		};
		C3ABF3C02AB7CB15000D6B9C /* Release */ = {
			isa = XCBuildConfiguration;
			buildSettings = {
				ASSETCATALOG_COMPILER_APPICON_NAME = AppIcon;
				ASSETCATALOG_COMPILER_GLOBAL_ACCENT_COLOR_NAME = AccentColor;
				CODE_SIGN_STYLE = Automatic;
				CURRENT_PROJECT_VERSION = 1;
				DEVELOPMENT_TEAM = N2CXDX36WH;
				GENERATE_INFOPLIST_FILE = YES;
				INFOPLIST_FILE = sns_app/Info.plist;
				INFOPLIST_KEY_UIApplicationSupportsIndirectInputEvents = YES;
				INFOPLIST_KEY_UILaunchStoryboardName = LaunchScreen;
				INFOPLIST_KEY_UISupportedInterfaceOrientations_iPad = "UIInterfaceOrientationPortrait UIInterfaceOrientationPortraitUpsideDown UIInterfaceOrientationLandscapeLeft UIInterfaceOrientationLandscapeRight";
				INFOPLIST_KEY_UISupportedInterfaceOrientations_iPhone = "UIInterfaceOrientationPortrait UIInterfaceOrientationLandscapeLeft UIInterfaceOrientationLandscapeRight";
				LD_RUNPATH_SEARCH_PATHS = (
					"$(inherited)",
					"@executable_path/Frameworks",
				);
				MARKETING_VERSION = 1.0;
				PRODUCT_BUNDLE_IDENTIFIER = "com.ios.kimhr.sns-app";
				PRODUCT_NAME = "$(TARGET_NAME)";
				SWIFT_EMIT_LOC_STRINGS = YES;
				SWIFT_VERSION = 5.0;
				TARGETED_DEVICE_FAMILY = "1,2";
			};
			name = Release;
		};
/* End XCBuildConfiguration section */

/* Begin XCConfigurationList section */
		C3ABF3A22AB7CB14000D6B9C /* Build configuration list for PBXProject "sns_app" */ = {
			isa = XCConfigurationList;
			buildConfigurations = (
				C3ABF3BC2AB7CB15000D6B9C /* Debug */,
				C3ABF3BD2AB7CB15000D6B9C /* Release */,
			);
			defaultConfigurationIsVisible = 0;
			defaultConfigurationName = Release;
		};
		C3ABF3BE2AB7CB15000D6B9C /* Build configuration list for PBXNativeTarget "sns_app" */ = {
			isa = XCConfigurationList;
			buildConfigurations = (
				C3ABF3BF2AB7CB15000D6B9C /* Debug */,
				C3ABF3C02AB7CB15000D6B9C /* Release */,
			);
			defaultConfigurationIsVisible = 0;
			defaultConfigurationName = Release;
		};
/* End XCConfigurationList section */

/* Begin XCRemoteSwiftPackageReference section */
		C3ABF3C12AB7EC27000D6B9C /* XCRemoteSwiftPackageReference "SnapKit" */ = {
			isa = XCRemoteSwiftPackageReference;
			repositoryURL = "https://github.com/SnapKit/SnapKit.git";
			requirement = {
				kind = upToNextMajorVersion;
				minimumVersion = 5.0.0;
			};
		};
/* End XCRemoteSwiftPackageReference section */

/* Begin XCSwiftPackageProductDependency section */
		C3ABF3C22AB7EC27000D6B9C /* SnapKit */ = {
			isa = XCSwiftPackageProductDependency;
			package = C3ABF3C12AB7EC27000D6B9C /* XCRemoteSwiftPackageReference "SnapKit" */;
			productName = SnapKit;
		};
/* End XCSwiftPackageProductDependency section */

/* Begin XCVersionGroup section */
		C3ABF3B32AB7CB14000D6B9C /* sns_app.xcdatamodeld */ = {
			isa = XCVersionGroup;
			children = (
				C3ABF3B42AB7CB14000D6B9C /* sns_app.xcdatamodel */,
			);
			currentVersion = C3ABF3B42AB7CB14000D6B9C /* sns_app.xcdatamodel */;
			path = sns_app.xcdatamodeld;
			sourceTree = "<group>";
			versionGroupType = wrapper.xcdatamodel;
		};
/* End XCVersionGroup section */
	};
	rootObject = C3ABF39F2AB7CB14000D6B9C /* Project object */;
}
